// !$*UTF8*$!
{
	archiveVersion = 1;
	classes = {
	};
	objectVersion = 50;
	objects = {

/* Begin PBXBuildFile section */
		2B99D1EB24C92EFF00B11E26 /* ClientDataAPI.swift in Sources */ = {isa = PBXBuildFile; fileRef = 2B99D1E124C92EFF00B11E26 /* ClientDataAPI.swift */; };
		2B99D1EC24C92EFF00B11E26 /* NetworkPromise.swift in Sources */ = {isa = PBXBuildFile; fileRef = 2B99D1E324C92EFF00B11E26 /* NetworkPromise.swift */; };
		2B99D1F324C92F1E00B11E26 /* WeatherModel.swift in Sources */ = {isa = PBXBuildFile; fileRef = 2B99D1F224C92F1E00B11E26 /* WeatherModel.swift */; };
		2B99D1F724C931D200B11E26 /* NetworkConstants.swift in Sources */ = {isa = PBXBuildFile; fileRef = 2B99D1F624C931D200B11E26 /* NetworkConstants.swift */; };
		2B99D1F924C9359D00B11E26 /* DetailViewController.swift in Sources */ = {isa = PBXBuildFile; fileRef = 2B99D1F824C9359D00B11E26 /* DetailViewController.swift */; };
		2BD9176024C8A43300021AA1 /* AppDelegate.swift in Sources */ = {isa = PBXBuildFile; fileRef = 2BD9175F24C8A43300021AA1 /* AppDelegate.swift */; };
		2BD9176224C8A43300021AA1 /* SceneDelegate.swift in Sources */ = {isa = PBXBuildFile; fileRef = 2BD9176124C8A43300021AA1 /* SceneDelegate.swift */; };
		2BD9176424C8A43300021AA1 /* ViewController.swift in Sources */ = {isa = PBXBuildFile; fileRef = 2BD9176324C8A43300021AA1 /* ViewController.swift */; };
		2BD9176724C8A43300021AA1 /* Main.storyboard in Resources */ = {isa = PBXBuildFile; fileRef = 2BD9176524C8A43300021AA1 /* Main.storyboard */; };
		2BD9176A24C8A43300021AA1 /* WeatherCool.xcdatamodeld in Sources */ = {isa = PBXBuildFile; fileRef = 2BD9176824C8A43300021AA1 /* WeatherCool.xcdatamodeld */; };
		2BD9176C24C8A43800021AA1 /* Assets.xcassets in Resources */ = {isa = PBXBuildFile; fileRef = 2BD9176B24C8A43800021AA1 /* Assets.xcassets */; };
		2BD9176F24C8A43800021AA1 /* LaunchScreen.storyboard in Resources */ = {isa = PBXBuildFile; fileRef = 2BD9176D24C8A43800021AA1 /* LaunchScreen.storyboard */; };
		2BD9177A24C8A43800021AA1 /* WeatherCoolTests.swift in Sources */ = {isa = PBXBuildFile; fileRef = 2BD9177924C8A43800021AA1 /* WeatherCoolTests.swift */; };
		2BD9178524C8A43800021AA1 /* WeatherCoolUITests.swift in Sources */ = {isa = PBXBuildFile; fileRef = 2BD9178424C8A43800021AA1 /* WeatherCoolUITests.swift */; };
/* End PBXBuildFile section */

/* Begin PBXContainerItemProxy section */
		2BD9177624C8A43800021AA1 /* PBXContainerItemProxy */ = {
			isa = PBXContainerItemProxy;
			containerPortal = 2BD9175424C8A43300021AA1 /* Project object */;
			proxyType = 1;
			remoteGlobalIDString = 2BD9175B24C8A43300021AA1;
			remoteInfo = WeatherCool;
		};
		2BD9178124C8A43800021AA1 /* PBXContainerItemProxy */ = {
			isa = PBXContainerItemProxy;
			containerPortal = 2BD9175424C8A43300021AA1 /* Project object */;
			proxyType = 1;
			remoteGlobalIDString = 2BD9175B24C8A43300021AA1;
			remoteInfo = WeatherCool;
		};
/* End PBXContainerItemProxy section */

/* Begin PBXFileReference section */
		2B99D1E124C92EFF00B11E26 /* ClientDataAPI.swift */ = {isa = PBXFileReference; fileEncoding = 4; lastKnownFileType = sourcecode.swift; path = ClientDataAPI.swift; sourceTree = "<group>"; };
		2B99D1E324C92EFF00B11E26 /* NetworkPromise.swift */ = {isa = PBXFileReference; fileEncoding = 4; lastKnownFileType = sourcecode.swift; path = NetworkPromise.swift; sourceTree = "<group>"; };
		2B99D1F224C92F1E00B11E26 /* WeatherModel.swift */ = {isa = PBXFileReference; lastKnownFileType = sourcecode.swift; path = WeatherModel.swift; sourceTree = "<group>"; };
		2B99D1F624C931D200B11E26 /* NetworkConstants.swift */ = {isa = PBXFileReference; lastKnownFileType = sourcecode.swift; path = NetworkConstants.swift; sourceTree = "<group>"; };
		2B99D1F824C9359D00B11E26 /* DetailViewController.swift */ = {isa = PBXFileReference; lastKnownFileType = sourcecode.swift; path = DetailViewController.swift; sourceTree = "<group>"; };
		2BD9175C24C8A43300021AA1 /* WeatherCool.app */ = {isa = PBXFileReference; explicitFileType = wrapper.application; includeInIndex = 0; path = WeatherCool.app; sourceTree = BUILT_PRODUCTS_DIR; };
		2BD9175F24C8A43300021AA1 /* AppDelegate.swift */ = {isa = PBXFileReference; lastKnownFileType = sourcecode.swift; path = AppDelegate.swift; sourceTree = "<group>"; };
		2BD9176124C8A43300021AA1 /* SceneDelegate.swift */ = {isa = PBXFileReference; lastKnownFileType = sourcecode.swift; path = SceneDelegate.swift; sourceTree = "<group>"; };
		2BD9176324C8A43300021AA1 /* ViewController.swift */ = {isa = PBXFileReference; lastKnownFileType = sourcecode.swift; path = ViewController.swift; sourceTree = "<group>"; };
		2BD9176624C8A43300021AA1 /* Base */ = {isa = PBXFileReference; lastKnownFileType = file.storyboard; name = Base; path = Base.lproj/Main.storyboard; sourceTree = "<group>"; };
		2BD9176924C8A43300021AA1 /* WeatherCool.xcdatamodel */ = {isa = PBXFileReference; lastKnownFileType = wrapper.xcdatamodel; path = WeatherCool.xcdatamodel; sourceTree = "<group>"; };
		2BD9176B24C8A43800021AA1 /* Assets.xcassets */ = {isa = PBXFileReference; lastKnownFileType = folder.assetcatalog; path = Assets.xcassets; sourceTree = "<group>"; };
		2BD9176E24C8A43800021AA1 /* Base */ = {isa = PBXFileReference; lastKnownFileType = file.storyboard; name = Base; path = Base.lproj/LaunchScreen.storyboard; sourceTree = "<group>"; };
		2BD9177024C8A43800021AA1 /* Info.plist */ = {isa = PBXFileReference; lastKnownFileType = text.plist.xml; path = Info.plist; sourceTree = "<group>"; };
		2BD9177524C8A43800021AA1 /* WeatherCoolTests.xctest */ = {isa = PBXFileReference; explicitFileType = wrapper.cfbundle; includeInIndex = 0; path = WeatherCoolTests.xctest; sourceTree = BUILT_PRODUCTS_DIR; };
		2BD9177924C8A43800021AA1 /* WeatherCoolTests.swift */ = {isa = PBXFileReference; lastKnownFileType = sourcecode.swift; path = WeatherCoolTests.swift; sourceTree = "<group>"; };
		2BD9177B24C8A43800021AA1 /* Info.plist */ = {isa = PBXFileReference; lastKnownFileType = text.plist.xml; path = Info.plist; sourceTree = "<group>"; };
		2BD9178024C8A43800021AA1 /* WeatherCoolUITests.xctest */ = {isa = PBXFileReference; explicitFileType = wrapper.cfbundle; includeInIndex = 0; path = WeatherCoolUITests.xctest; sourceTree = BUILT_PRODUCTS_DIR; };
		2BD9178424C8A43800021AA1 /* WeatherCoolUITests.swift */ = {isa = PBXFileReference; lastKnownFileType = sourcecode.swift; path = WeatherCoolUITests.swift; sourceTree = "<group>"; };
		2BD9178624C8A43800021AA1 /* Info.plist */ = {isa = PBXFileReference; lastKnownFileType = text.plist.xml; path = Info.plist; sourceTree = "<group>"; };
/* End PBXFileReference section */

/* Begin PBXFrameworksBuildPhase section */
		2BD9175924C8A43300021AA1 /* Frameworks */ = {
			isa = PBXFrameworksBuildPhase;
			buildActionMask = 2147483647;
			files = (
			);
			runOnlyForDeploymentPostprocessing = 0;
		};
		2BD9177224C8A43800021AA1 /* Frameworks */ = {
			isa = PBXFrameworksBuildPhase;
			buildActionMask = 2147483647;
			files = (
			);
			runOnlyForDeploymentPostprocessing = 0;
		};
		2BD9177D24C8A43800021AA1 /* Frameworks */ = {
			isa = PBXFrameworksBuildPhase;
			buildActionMask = 2147483647;
			files = (
			);
			runOnlyForDeploymentPostprocessing = 0;
		};
/* End PBXFrameworksBuildPhase section */

/* Begin PBXGroup section */
		2B99D1DF24C92EFF00B11E26 /* Network */ = {
			isa = PBXGroup;
			children = (
				2B99D1E024C92EFF00B11E26 /* API */,
				2B99D1E224C92EFF00B11E26 /* Jobs */,
				2B99D1E324C92EFF00B11E26 /* NetworkPromise.swift */,
				2B99D1F624C931D200B11E26 /* NetworkConstants.swift */,
			);
			path = Network;
			sourceTree = "<group>";
		};
		2B99D1E024C92EFF00B11E26 /* API */ = {
			isa = PBXGroup;
			children = (
				2B99D1E124C92EFF00B11E26 /* ClientDataAPI.swift */,
			);
			path = API;
			sourceTree = "<group>";
		};
		2B99D1E224C92EFF00B11E26 /* Jobs */ = {
			isa = PBXGroup;
			children = (
			);
			path = Jobs;
			sourceTree = "<group>";
		};
		2B99D1E924C92EFF00B11E26 /* Model */ = {
			isa = PBXGroup;
			children = (
				2B99D1F224C92F1E00B11E26 /* WeatherModel.swift */,
			);
			path = Model;
			sourceTree = "<group>";
		};
		2BD9175324C8A43300021AA1 = {
			isa = PBXGroup;
			children = (
				2BD9175E24C8A43300021AA1 /* WeatherCool */,
				2BD9177824C8A43800021AA1 /* WeatherCoolTests */,
				2BD9178324C8A43800021AA1 /* WeatherCoolUITests */,
				2BD9175D24C8A43300021AA1 /* Products */,
			);
			sourceTree = "<group>";
		};
		2BD9175D24C8A43300021AA1 /* Products */ = {
			isa = PBXGroup;
			children = (
				2BD9175C24C8A43300021AA1 /* WeatherCool.app */,
				2BD9177524C8A43800021AA1 /* WeatherCoolTests.xctest */,
				2BD9178024C8A43800021AA1 /* WeatherCoolUITests.xctest */,
			);
			name = Products;
			sourceTree = "<group>";
		};
		2BD9175E24C8A43300021AA1 /* WeatherCool */ = {
			isa = PBXGroup;
			children = (
				2B99D1E924C92EFF00B11E26 /* Model */,
				2B99D1DF24C92EFF00B11E26 /* Network */,
				2BD9175F24C8A43300021AA1 /* AppDelegate.swift */,
				2BD9176124C8A43300021AA1 /* SceneDelegate.swift */,
				2BD9176324C8A43300021AA1 /* ViewController.swift */,
				2B99D1F824C9359D00B11E26 /* DetailViewController.swift */,
				2BD9176524C8A43300021AA1 /* Main.storyboard */,
				2BD9176B24C8A43800021AA1 /* Assets.xcassets */,
				2BD9176D24C8A43800021AA1 /* LaunchScreen.storyboard */,
				2BD9177024C8A43800021AA1 /* Info.plist */,
				2BD9176824C8A43300021AA1 /* WeatherCool.xcdatamodeld */,
			);
			path = WeatherCool;
			sourceTree = "<group>";
		};
		2BD9177824C8A43800021AA1 /* WeatherCoolTests */ = {
			isa = PBXGroup;
			children = (
				2BD9177924C8A43800021AA1 /* WeatherCoolTests.swift */,
				2BD9177B24C8A43800021AA1 /* Info.plist */,
			);
			path = WeatherCoolTests;
			sourceTree = "<group>";
		};
		2BD9178324C8A43800021AA1 /* WeatherCoolUITests */ = {
			isa = PBXGroup;
			children = (
				2BD9178424C8A43800021AA1 /* WeatherCoolUITests.swift */,
				2BD9178624C8A43800021AA1 /* Info.plist */,
			);
			path = WeatherCoolUITests;
			sourceTree = "<group>";
		};
/* End PBXGroup section */

/* Begin PBXNativeTarget section */
		2BD9175B24C8A43300021AA1 /* WeatherCool */ = {
			isa = PBXNativeTarget;
			buildConfigurationList = 2BD9178924C8A43800021AA1 /* Build configuration list for PBXNativeTarget "WeatherCool" */;
			buildPhases = (
				2BD9175824C8A43300021AA1 /* Sources */,
				2BD9175924C8A43300021AA1 /* Frameworks */,
				2BD9175A24C8A43300021AA1 /* Resources */,
			);
			buildRules = (
			);
			dependencies = (
			);
			name = WeatherCool;
			productName = WeatherCool;
			productReference = 2BD9175C24C8A43300021AA1 /* WeatherCool.app */;
			productType = "com.apple.product-type.application";
		};
		2BD9177424C8A43800021AA1 /* WeatherCoolTests */ = {
			isa = PBXNativeTarget;
			buildConfigurationList = 2BD9178C24C8A43800021AA1 /* Build configuration list for PBXNativeTarget "WeatherCoolTests" */;
			buildPhases = (
				2BD9177124C8A43800021AA1 /* Sources */,
				2BD9177224C8A43800021AA1 /* Frameworks */,
				2BD9177324C8A43800021AA1 /* Resources */,
			);
			buildRules = (
			);
			dependencies = (
				2BD9177724C8A43800021AA1 /* PBXTargetDependency */,
			);
			name = WeatherCoolTests;
			productName = WeatherCoolTests;
			productReference = 2BD9177524C8A43800021AA1 /* WeatherCoolTests.xctest */;
			productType = "com.apple.product-type.bundle.unit-test";
		};
		2BD9177F24C8A43800021AA1 /* WeatherCoolUITests */ = {
			isa = PBXNativeTarget;
			buildConfigurationList = 2BD9178F24C8A43800021AA1 /* Build configuration list for PBXNativeTarget "WeatherCoolUITests" */;
			buildPhases = (
				2BD9177C24C8A43800021AA1 /* Sources */,
				2BD9177D24C8A43800021AA1 /* Frameworks */,
				2BD9177E24C8A43800021AA1 /* Resources */,
			);
			buildRules = (
			);
			dependencies = (
				2BD9178224C8A43800021AA1 /* PBXTargetDependency */,
			);
			name = WeatherCoolUITests;
			productName = WeatherCoolUITests;
			productReference = 2BD9178024C8A43800021AA1 /* WeatherCoolUITests.xctest */;
			productType = "com.apple.product-type.bundle.ui-testing";
		};
/* End PBXNativeTarget section */

/* Begin PBXProject section */
		2BD9175424C8A43300021AA1 /* Project object */ = {
			isa = PBXProject;
			attributes = {
				LastSwiftUpdateCheck = 1150;
				LastUpgradeCheck = 1150;
				ORGANIZATIONNAME = Color;
				TargetAttributes = {
					2BD9175B24C8A43300021AA1 = {
						CreatedOnToolsVersion = 11.5;
					};
					2BD9177424C8A43800021AA1 = {
						CreatedOnToolsVersion = 11.5;
						TestTargetID = 2BD9175B24C8A43300021AA1;
					};
					2BD9177F24C8A43800021AA1 = {
						CreatedOnToolsVersion = 11.5;
						TestTargetID = 2BD9175B24C8A43300021AA1;
					};
				};
			};
			buildConfigurationList = 2BD9175724C8A43300021AA1 /* Build configuration list for PBXProject "WeatherCool" */;
			compatibilityVersion = "Xcode 9.3";
			developmentRegion = en;
			hasScannedForEncodings = 0;
			knownRegions = (
				en,
				Base,
			);
			mainGroup = 2BD9175324C8A43300021AA1;
			productRefGroup = 2BD9175D24C8A43300021AA1 /* Products */;
			projectDirPath = "";
			projectRoot = "";
			targets = (
				2BD9175B24C8A43300021AA1 /* WeatherCool */,
				2BD9177424C8A43800021AA1 /* WeatherCoolTests */,
				2BD9177F24C8A43800021AA1 /* WeatherCoolUITests */,
			);
		};
/* End PBXProject section */

/* Begin PBXResourcesBuildPhase section */
		2BD9175A24C8A43300021AA1 /* Resources */ = {
			isa = PBXResourcesBuildPhase;
			buildActionMask = 2147483647;
			files = (
				2BD9176F24C8A43800021AA1 /* LaunchScreen.storyboard in Resources */,
				2BD9176C24C8A43800021AA1 /* Assets.xcassets in Resources */,
				2BD9176724C8A43300021AA1 /* Main.storyboard in Resources */,
			);
			runOnlyForDeploymentPostprocessing = 0;
		};
		2BD9177324C8A43800021AA1 /* Resources */ = {
			isa = PBXResourcesBuildPhase;
			buildActionMask = 2147483647;
			files = (
			);
			runOnlyForDeploymentPostprocessing = 0;
		};
		2BD9177E24C8A43800021AA1 /* Resources */ = {
			isa = PBXResourcesBuildPhase;
			buildActionMask = 2147483647;
			files = (
			);
			runOnlyForDeploymentPostprocessing = 0;
		};
/* End PBXResourcesBuildPhase section */

/* Begin PBXSourcesBuildPhase section */
		2BD9175824C8A43300021AA1 /* Sources */ = {
			isa = PBXSourcesBuildPhase;
			buildActionMask = 2147483647;
			files = (
				2B99D1F924C9359D00B11E26 /* DetailViewController.swift in Sources */,
				2B99D1F724C931D200B11E26 /* NetworkConstants.swift in Sources */,
				2BD9176424C8A43300021AA1 /* ViewController.swift in Sources */,
				2BD9176A24C8A43300021AA1 /* WeatherCool.xcdatamodeld in Sources */,
				2B99D1F324C92F1E00B11E26 /* WeatherModel.swift in Sources */,
				2B99D1EC24C92EFF00B11E26 /* NetworkPromise.swift in Sources */,
				2B99D1EB24C92EFF00B11E26 /* ClientDataAPI.swift in Sources */,
				2BD9176024C8A43300021AA1 /* AppDelegate.swift in Sources */,
				2BD9176224C8A43300021AA1 /* SceneDelegate.swift in Sources */,
			);
			runOnlyForDeploymentPostprocessing = 0;
		};
		2BD9177124C8A43800021AA1 /* Sources */ = {
			isa = PBXSourcesBuildPhase;
			buildActionMask = 2147483647;
			files = (
				2BD9177A24C8A43800021AA1 /* WeatherCoolTests.swift in Sources */,
			);
			runOnlyForDeploymentPostprocessing = 0;
		};
		2BD9177C24C8A43800021AA1 /* Sources */ = {
			isa = PBXSourcesBuildPhase;
			buildActionMask = 2147483647;
			files = (
				2BD9178524C8A43800021AA1 /* WeatherCoolUITests.swift in Sources */,
			);
			runOnlyForDeploymentPostprocessing = 0;
		};
/* End PBXSourcesBuildPhase section */

/* Begin PBXTargetDependency section */
		2BD9177724C8A43800021AA1 /* PBXTargetDependency */ = {
			isa = PBXTargetDependency;
			target = 2BD9175B24C8A43300021AA1 /* WeatherCool */;
			targetProxy = 2BD9177624C8A43800021AA1 /* PBXContainerItemProxy */;
		};
		2BD9178224C8A43800021AA1 /* PBXTargetDependency */ = {
			isa = PBXTargetDependency;
			target = 2BD9175B24C8A43300021AA1 /* WeatherCool */;
			targetProxy = 2BD9178124C8A43800021AA1 /* PBXContainerItemProxy */;
		};
/* End PBXTargetDependency section */

/* Begin PBXVariantGroup section */
		2BD9176524C8A43300021AA1 /* Main.storyboard */ = {
			isa = PBXVariantGroup;
			children = (
				2BD9176624C8A43300021AA1 /* Base */,
			);
			name = Main.storyboard;
			sourceTree = "<group>";
		};
		2BD9176D24C8A43800021AA1 /* LaunchScreen.storyboard */ = {
			isa = PBXVariantGroup;
			children = (
				2BD9176E24C8A43800021AA1 /* Base */,
			);
			name = LaunchScreen.storyboard;
			sourceTree = "<group>";
		};
/* End PBXVariantGroup section */

/* Begin XCBuildConfiguration section */
		2BD9178724C8A43800021AA1 /* Debug */ = {
			isa = XCBuildConfiguration;
			buildSettings = {
				ALWAYS_SEARCH_USER_PATHS = NO;
				CLANG_ANALYZER_NONNULL = YES;
				CLANG_ANALYZER_NUMBER_OBJECT_CONVERSION = YES_AGGRESSIVE;
				CLANG_CXX_LANGUAGE_STANDARD = "gnu++14";
				CLANG_CXX_LIBRARY = "libc++";
				CLANG_ENABLE_MODULES = YES;
				CLANG_ENABLE_OBJC_ARC = YES;
				CLANG_ENABLE_OBJC_WEAK = YES;
				CLANG_WARN_BLOCK_CAPTURE_AUTORELEASING = YES;
				CLANG_WARN_BOOL_CONVERSION = YES;
				CLANG_WARN_COMMA = YES;
				CLANG_WARN_CONSTANT_CONVERSION = YES;
				CLANG_WARN_DEPRECATED_OBJC_IMPLEMENTATIONS = YES;
				CLANG_WARN_DIRECT_OBJC_ISA_USAGE = YES_ERROR;
				CLANG_WARN_DOCUMENTATION_COMMENTS = YES;
				CLANG_WARN_EMPTY_BODY = YES;
				CLANG_WARN_ENUM_CONVERSION = YES;
				CLANG_WARN_INFINITE_RECURSION = YES;
				CLANG_WARN_INT_CONVERSION = YES;
				CLANG_WARN_NON_LITERAL_NULL_CONVERSION = YES;
				CLANG_WARN_OBJC_IMPLICIT_RETAIN_SELF = YES;
				CLANG_WARN_OBJC_LITERAL_CONVERSION = YES;
				CLANG_WARN_OBJC_ROOT_CLASS = YES_ERROR;
				CLANG_WARN_RANGE_LOOP_ANALYSIS = YES;
				CLANG_WARN_STRICT_PROTOTYPES = YES;
				CLANG_WARN_SUSPICIOUS_MOVE = YES;
				CLANG_WARN_UNGUARDED_AVAILABILITY = YES_AGGRESSIVE;
				CLANG_WARN_UNREACHABLE_CODE = YES;
				CLANG_WARN__DUPLICATE_METHOD_MATCH = YES;
				COPY_PHASE_STRIP = NO;
				DEBUG_INFORMATION_FORMAT = dwarf;
				ENABLE_STRICT_OBJC_MSGSEND = YES;
				ENABLE_TESTABILITY = YES;
				GCC_C_LANGUAGE_STANDARD = gnu11;
				GCC_DYNAMIC_NO_PIC = NO;
				GCC_NO_COMMON_BLOCKS = YES;
				GCC_OPTIMIZATION_LEVEL = 0;
				GCC_PREPROCESSOR_DEFINITIONS = (
					"DEBUG=1",
					"$(inherited)",
				);
				GCC_WARN_64_TO_32_BIT_CONVERSION = YES;
				GCC_WARN_ABOUT_RETURN_TYPE = YES_ERROR;
				GCC_WARN_UNDECLARED_SELECTOR = YES;
				GCC_WARN_UNINITIALIZED_AUTOS = YES_AGGRESSIVE;
				GCC_WARN_UNUSED_FUNCTION = YES;
				GCC_WARN_UNUSED_VARIABLE = YES;
				IPHONEOS_DEPLOYMENT_TARGET = 13.5;
				MTL_ENABLE_DEBUG_INFO = INCLUDE_SOURCE;
				MTL_FAST_MATH = YES;
				ONLY_ACTIVE_ARCH = YES;
				SDKROOT = iphoneos;
				SWIFT_ACTIVE_COMPILATION_CONDITIONS = DEBUG;
				SWIFT_OPTIMIZATION_LEVEL = "-Onone";
			};
			name = Debug;
		};
		2BD9178824C8A43800021AA1 /* Release */ = {
			isa = XCBuildConfiguration;
			buildSettings = {
				ALWAYS_SEARCH_USER_PATHS = NO;
				CLANG_ANALYZER_NONNULL = YES;
				CLANG_ANALYZER_NUMBER_OBJECT_CONVERSION = YES_AGGRESSIVE;
				CLANG_CXX_LANGUAGE_STANDARD = "gnu++14";
				CLANG_CXX_LIBRARY = "libc++";
				CLANG_ENABLE_MODULES = YES;
				CLANG_ENABLE_OBJC_ARC = YES;
				CLANG_ENABLE_OBJC_WEAK = YES;
				CLANG_WARN_BLOCK_CAPTURE_AUTORELEASING = YES;
				CLANG_WARN_BOOL_CONVERSION = YES;
				CLANG_WARN_COMMA = YES;
				CLANG_WARN_CONSTANT_CONVERSION = YES;
				CLANG_WARN_DEPRECATED_OBJC_IMPLEMENTATIONS = YES;
				CLANG_WARN_DIRECT_OBJC_ISA_USAGE = YES_ERROR;
				CLANG_WARN_DOCUMENTATION_COMMENTS = YES;
				CLANG_WARN_EMPTY_BODY = YES;
				CLANG_WARN_ENUM_CONVERSION = YES;
				CLANG_WARN_INFINITE_RECURSION = YES;
				CLANG_WARN_INT_CONVERSION = YES;
				CLANG_WARN_NON_LITERAL_NULL_CONVERSION = YES;
				CLANG_WARN_OBJC_IMPLICIT_RETAIN_SELF = YES;
				CLANG_WARN_OBJC_LITERAL_CONVERSION = YES;
				CLANG_WARN_OBJC_ROOT_CLASS = YES_ERROR;
				CLANG_WARN_RANGE_LOOP_ANALYSIS = YES;
				CLANG_WARN_STRICT_PROTOTYPES = YES;
				CLANG_WARN_SUSPICIOUS_MOVE = YES;
				CLANG_WARN_UNGUARDED_AVAILABILITY = YES_AGGRESSIVE;
				CLANG_WARN_UNREACHABLE_CODE = YES;
				CLANG_WARN__DUPLICATE_METHOD_MATCH = YES;
				COPY_PHASE_STRIP = NO;
				DEBUG_INFORMATION_FORMAT = "dwarf-with-dsym";
				ENABLE_NS_ASSERTIONS = NO;
				ENABLE_STRICT_OBJC_MSGSEND = YES;
				GCC_C_LANGUAGE_STANDARD = gnu11;
				GCC_NO_COMMON_BLOCKS = YES;
				GCC_WARN_64_TO_32_BIT_CONVERSION = YES;
				GCC_WARN_ABOUT_RETURN_TYPE = YES_ERROR;
				GCC_WARN_UNDECLARED_SELECTOR = YES;
				GCC_WARN_UNINITIALIZED_AUTOS = YES_AGGRESSIVE;
				GCC_WARN_UNUSED_FUNCTION = YES;
				GCC_WARN_UNUSED_VARIABLE = YES;
				IPHONEOS_DEPLOYMENT_TARGET = 13.5;
				MTL_ENABLE_DEBUG_INFO = NO;
				MTL_FAST_MATH = YES;
				SDKROOT = iphoneos;
				SWIFT_COMPILATION_MODE = wholemodule;
				SWIFT_OPTIMIZATION_LEVEL = "-O";
				VALIDATE_PRODUCT = YES;
			};
			name = Release;
		};
		2BD9178A24C8A43800021AA1 /* Debug */ = {
			isa = XCBuildConfiguration;
			buildSettings = {
				ASSETCATALOG_COMPILER_APPICON_NAME = AppIcon;
				CODE_SIGN_STYLE = Automatic;
				INFOPLIST_FILE = WeatherCool/Info.plist;
				LD_RUNPATH_SEARCH_PATHS = (
					"$(inherited)",
					"@executable_path/Frameworks",
				);
				PRODUCT_BUNDLE_IDENTIFIER = com.color.WeatherCool;
				PRODUCT_NAME = "$(TARGET_NAME)";
				SWIFT_VERSION = 5.0;
				TARGETED_DEVICE_FAMILY = "1,2";
			};
			name = Debug;
		};
		2BD9178B24C8A43800021AA1 /* Release */ = {
			isa = XCBuildConfiguration;
			buildSettings = {
				ASSETCATALOG_COMPILER_APPICON_NAME = AppIcon;
				CODE_SIGN_STYLE = Automatic;
				INFOPLIST_FILE = WeatherCool/Info.plist;
				LD_RUNPATH_SEARCH_PATHS = (
					"$(inherited)",
					"@executable_path/Frameworks",
				);
				PRODUCT_BUNDLE_IDENTIFIER = com.color.WeatherCool;
				PRODUCT_NAME = "$(TARGET_NAME)";
				SWIFT_VERSION = 5.0;
				TARGETED_DEVICE_FAMILY = "1,2";
			};
			name = Release;
		};
		2BD9178D24C8A43800021AA1 /* Debug */ = {
			isa = XCBuildConfiguration;
			buildSettings = {
				ALWAYS_EMBED_SWIFT_STANDARD_LIBRARIES = YES;
				BUNDLE_LOADER = "$(TEST_HOST)";
				CODE_SIGN_STYLE = Automatic;
				INFOPLIST_FILE = WeatherCoolTests/Info.plist;
				IPHONEOS_DEPLOYMENT_TARGET = 13.5;
				LD_RUNPATH_SEARCH_PATHS = (
					"$(inherited)",
					"@executable_path/Frameworks",
					"@loader_path/Frameworks",
				);
				PRODUCT_BUNDLE_IDENTIFIER = com.color.WeatherCoolTests;
				PRODUCT_NAME = "$(TARGET_NAME)";
				SWIFT_VERSION = 5.0;
				TARGETED_DEVICE_FAMILY = "1,2";
				TEST_HOST = "$(BUILT_PRODUCTS_DIR)/WeatherCool.app/WeatherCool";
			};
			name = Debug;
		};
		2BD9178E24C8A43800021AA1 /* Release */ = {
			isa = XCBuildConfiguration;
			buildSettings = {
				ALWAYS_EMBED_SWIFT_STANDARD_LIBRARIES = YES;
				BUNDLE_LOADER = "$(TEST_HOST)";
				CODE_SIGN_STYLE = Automatic;
				INFOPLIST_FILE = WeatherCoolTests/Info.plist;
				IPHONEOS_DEPLOYMENT_TARGET = 13.5;
				LD_RUNPATH_SEARCH_PATHS = (
					"$(inherited)",
					"@executable_path/Frameworks",
					"@loader_path/Frameworks",
				);
				PRODUCT_BUNDLE_IDENTIFIER = com.color.WeatherCoolTests;
				PRODUCT_NAME = "$(TARGET_NAME)";
				SWIFT_VERSION = 5.0;
				TARGETED_DEVICE_FAMILY = "1,2";
				TEST_HOST = "$(BUILT_PRODUCTS_DIR)/WeatherCool.app/WeatherCool";
			};
			name = Release;
		};
		2BD9179024C8A43800021AA1 /* Debug */ = {
			isa = XCBuildConfiguration;
			buildSettings = {
				ALWAYS_EMBED_SWIFT_STANDARD_LIBRARIES = YES;
				CODE_SIGN_STYLE = Automatic;
				INFOPLIST_FILE = WeatherCoolUITests/Info.plist;
				LD_RUNPATH_SEARCH_PATHS = (
					"$(inherited)",
					"@executable_path/Frameworks",
					"@loader_path/Frameworks",
				);
				PRODUCT_BUNDLE_IDENTIFIER = com.color.WeatherCoolUITests;
				PRODUCT_NAME = "$(TARGET_NAME)";
				SWIFT_VERSION = 5.0;
				TARGETED_DEVICE_FAMILY = "1,2";
				TEST_TARGET_NAME = WeatherCool;
			};
			name = Debug;
		};
		2BD9179124C8A43800021AA1 /* Release */ = {
			isa = XCBuildConfiguration;
			buildSettings = {
				ALWAYS_EMBED_SWIFT_STANDARD_LIBRARIES = YES;
				CODE_SIGN_STYLE = Automatic;
				INFOPLIST_FILE = WeatherCoolUITests/Info.plist;
				LD_RUNPATH_SEARCH_PATHS = (
					"$(inherited)",
					"@executable_path/Frameworks",
					"@loader_path/Frameworks",
				);
				PRODUCT_BUNDLE_IDENTIFIER = com.color.WeatherCoolUITests;
				PRODUCT_NAME = "$(TARGET_NAME)";
				SWIFT_VERSION = 5.0;
				TARGETED_DEVICE_FAMILY = "1,2";
				TEST_TARGET_NAME = WeatherCool;
			};
			name = Release;
		};
/* End XCBuildConfiguration section */

/* Begin XCConfigurationList section */
		2BD9175724C8A43300021AA1 /* Build configuration list for PBXProject "WeatherCool" */ = {
			isa = XCConfigurationList;
			buildConfigurations = (
				2BD9178724C8A43800021AA1 /* Debug */,
				2BD9178824C8A43800021AA1 /* Release */,
			);
			defaultConfigurationIsVisible = 0;
			defaultConfigurationName = Release;
		};
		2BD9178924C8A43800021AA1 /* Build configuration list for PBXNativeTarget "WeatherCool" */ = {
			isa = XCConfigurationList;
			buildConfigurations = (
				2BD9178A24C8A43800021AA1 /* Debug */,
				2BD9178B24C8A43800021AA1 /* Release */,
			);
			defaultConfigurationIsVisible = 0;
			defaultConfigurationName = Release;
		};
		2BD9178C24C8A43800021AA1 /* Build configuration list for PBXNativeTarget "WeatherCoolTests" */ = {
			isa = XCConfigurationList;
			buildConfigurations = (
				2BD9178D24C8A43800021AA1 /* Debug */,
				2BD9178E24C8A43800021AA1 /* Release */,
			);
			defaultConfigurationIsVisible = 0;
			defaultConfigurationName = Release;
		};
		2BD9178F24C8A43800021AA1 /* Build configuration list for PBXNativeTarget "WeatherCoolUITests" */ = {
			isa = XCConfigurationList;
			buildConfigurations = (
				2BD9179024C8A43800021AA1 /* Debug */,
				2BD9179124C8A43800021AA1 /* Release */,
			);
			defaultConfigurationIsVisible = 0;
			defaultConfigurationName = Release;
		};
/* End XCConfigurationList section */

/* Begin XCVersionGroup section */
		2BD9176824C8A43300021AA1 /* WeatherCool.xcdatamodeld */ = {
			isa = XCVersionGroup;
			children = (
				2BD9176924C8A43300021AA1 /* WeatherCool.xcdatamodel */,
			);
			currentVersion = 2BD9176924C8A43300021AA1 /* WeatherCool.xcdatamodel */;
			path = WeatherCool.xcdatamodeld;
			sourceTree = "<group>";
			versionGroupType = wrapper.xcdatamodel;
		};
/* End XCVersionGroup section */
	};
	rootObject = 2BD9175424C8A43300021AA1 /* Project object */;
}
